
Microsoft Visual Studio Solution File, Format Version 12.00
# Visual Studio Version 17
VisualStudioVersion = 17.12.35527.113
MinimumVisualStudioVersion = 10.0.40219.1
Project("{FAE04EC0-301F-11D3-BF4B-00C04F79EFBC}") = "API", "API\API.csproj", "{80969716-63C1-42C6-B2BA-854FA6C6F588}"
EndProject
Project("{FAE04EC0-301F-11D3-BF4B-00C04F79EFBC}") = "BL_KhachHang", "BL_KhachHang\BL_KhachHang.csproj", "{972BE7BD-F947-45A7-BF3F-79A38CD01454}"
EndProject
Project("{FAE04EC0-301F-11D3-BF4B-00C04F79EFBC}") = "BL_ADMIN", "BL_ADMIN\BL_ADMIN.csproj", "{3E1992B4-B42C-41EE-B3CB-027D9BF9EAB6}"
EndProject
Global
	GlobalSection(SolutionConfigurationPlatforms) = preSolution
		Debug|Any CPU = Debug|Any CPU
		Release|Any CPU = Release|Any CPU
	EndGlobalSection
	GlobalSection(ProjectConfigurationPlatforms) = postSolution
		{80969716-63C1-42C6-B2BA-854FA6C6F588}.Debug|Any CPU.ActiveCfg = Debug|Any CPU
		{80969716-63C1-42C6-B2BA-854FA6C6F588}.Debug|Any CPU.Build.0 = Debug|Any CPU
		{80969716-63C1-42C6-B2BA-854FA6C6F588}.Release|Any CPU.ActiveCfg = Release|Any CPU
		{80969716-63C1-42C6-B2BA-854FA6C6F588}.Release|Any CPU.Build.0 = Release|Any CPU
		{972BE7BD-F947-45A7-BF3F-79A38CD01454}.Debug|Any CPU.ActiveCfg = Debug|Any CPU
		{972BE7BD-F947-45A7-BF3F-79A38CD01454}.Debug|Any CPU.Build.0 = Debug|Any CPU
		{972BE7BD-F947-45A7-BF3F-79A38CD01454}.Release|Any CPU.ActiveCfg = Release|Any CPU
		{972BE7BD-F947-45A7-BF3F-79A38CD01454}.Release|Any CPU.Build.0 = Release|Any CPU
		{3E1992B4-B42C-41EE-B3CB-027D9BF9EAB6}.Debug|Any CPU.ActiveCfg = Debug|Any CPU
		{3E1992B4-B42C-41EE-B3CB-027D9BF9EAB6}.Debug|Any CPU.Build.0 = Debug|Any CPU
		{3E1992B4-B42C-41EE-B3CB-027D9BF9EAB6}.Release|Any CPU.ActiveCfg = Release|Any CPU
		{3E1992B4-B42C-41EE-B3CB-027D9BF9EAB6}.Release|Any CPU.Build.0 = Release|Any CPU
	EndGlobalSection
	GlobalSection(SolutionProperties) = preSolution
		HideSolutionNode = FALSE
	EndGlobalSection
EndGlobal
